{
  "name": "install-test",
  "version": "1.0.0",
  "lockfileVersion": 2,
  "requires": true,
  "packages": {
    "": {
      "version": "1.0.0",
      "license": "ISC",
      "dependencies": {
        "my-awesome-module-test": "1.0.3",
        "nielmodule-test": "^1.0.1"
      }
    },
    "node_modules/my-awesome-module-test": {
      "version": "1.0.3",
      "resolved": "https://registry.npmjs.org/my-awesome-module-test/-/my-awesome-module-test-1.0.3.tgz",
      "integrity": "sha512-aorafM4g7VgRBdRKpxt/6bfmGf45SVSVNn6aWp3xbWl2kQ2F0dXQ75dI+dcVoWPIIWXLgkE6RYYCS7ufkD8tzg==",
      "license": "ISC"
    },
    "node_modules/nielmodule-test": {
      "version": "1.0.1",
      "resolved": "https://registry.npmjs.org/nielmodule-test/-/nielmodule-test-1.0.1.tgz",
      "integrity": "sha512-y9eToSJmEIl3roSWrrPP9QC+HKJFQpLpG8aZhujxcvURHj9auODogD1HPqDuSrAjr6FIE29wTxmcG/kwxmNTxw=="
    }
  },
  "dependencies": {
    "my-awesome-module-test": {
      "version": "1.0.3",
      "resolved": "https://registry.npmjs.org/my-awesome-module-test/-/my-awesome-module-test-1.0.3.tgz",
      "integrity": "sha512-aorafM4g7VgRBdRKpxt/6bfmGf45SVSVNn6aWp3xbWl2kQ2F0dXQ75dI+dcVoWPIIWXLgkE6RYYCS7ufkD8tzg=="
    },
    "nielmodule-test": {
      "version": "1.0.1",
      "resolved": "https://registry.npmjs.org/nielmodule-test/-/nielmodule-test-1.0.1.tgz",
      "integrity": "sha512-y9eToSJmEIl3roSWrrPP9QC+HKJFQpLpG8aZhujxcvURHj9auODogD1HPqDuSrAjr6FIE29wTxmcG/kwxmNTxw=="
    }
  }
}
